// !$*UTF8*$!
{
	archiveVersion = 1;
	classes = {
	};
	objectVersion = 56;
	objects = {

/* Begin PBXBuildFile section */
		8EB1EB8C2A8BC7980004FF77 /* AppDelegate.swift in Sources */ = {isa = PBXBuildFile; fileRef = 8EB1EB8B2A8BC7980004FF77 /* AppDelegate.swift */; };
		8EB1EB8E2A8BC7980004FF77 /* SceneDelegate.swift in Sources */ = {isa = PBXBuildFile; fileRef = 8EB1EB8D2A8BC7980004FF77 /* SceneDelegate.swift */; };
		8EB1EB902A8BC7980004FF77 /* ViewController.swift in Sources */ = {isa = PBXBuildFile; fileRef = 8EB1EB8F2A8BC7980004FF77 /* ViewController.swift */; };
		8EB1EB932A8BC7980004FF77 /* Main.storyboard in Resources */ = {isa = PBXBuildFile; fileRef = 8EB1EB912A8BC7980004FF77 /* Main.storyboard */; };
		8EB1EB952A8BC7990004FF77 /* Assets.xcassets in Resources */ = {isa = PBXBuildFile; fileRef = 8EB1EB942A8BC7990004FF77 /* Assets.xcassets */; };
		8EB1EB982A8BC7990004FF77 /* LaunchScreen.storyboard in Resources */ = {isa = PBXBuildFile; fileRef = 8EB1EB962A8BC7990004FF77 /* LaunchScreen.storyboard */; };
		8EB1EBA32A8BC7990004FF77 /* ListSampleAppTests.swift in Sources */ = {isa = PBXBuildFile; fileRef = 8EB1EBA22A8BC7990004FF77 /* ListSampleAppTests.swift */; };
		8EB1EBAD2A8BC7990004FF77 /* ListSampleAppUITests.swift in Sources */ = {isa = PBXBuildFile; fileRef = 8EB1EBAC2A8BC7990004FF77 /* ListSampleAppUITests.swift */; };
		8EB1EBAF2A8BC7990004FF77 /* ListSampleAppUITestsLaunchTests.swift in Sources */ = {isa = PBXBuildFile; fileRef = 8EB1EBAE2A8BC7990004FF77 /* ListSampleAppUITestsLaunchTests.swift */; };
/* End PBXBuildFile section */

/* Begin PBXContainerItemProxy section */
		8EB1EB9F2A8BC7990004FF77 /* PBXContainerItemProxy */ = {
			isa = PBXContainerItemProxy;
			containerPortal = 8EB1EB802A8BC7980004FF77 /* Project object */;
			proxyType = 1;
			remoteGlobalIDString = 8EB1EB872A8BC7980004FF77;
			remoteInfo = ListSampleApp;
		};
		8EB1EBA92A8BC7990004FF77 /* PBXContainerItemProxy */ = {
			isa = PBXContainerItemProxy;
			containerPortal = 8EB1EB802A8BC7980004FF77 /* Project object */;
			proxyType = 1;
			remoteGlobalIDString = 8EB1EB872A8BC7980004FF77;
			remoteInfo = ListSampleApp;
		};
/* End PBXContainerItemProxy section */

/* Begin PBXFileReference section */
		8EB1EB882A8BC7980004FF77 /* ListSampleApp.app */ = {isa = PBXFileReference; explicitFileType = wrapper.application; includeInIndex = 0; path = ListSampleApp.app; sourceTree = BUILT_PRODUCTS_DIR; };
		8EB1EB8B2A8BC7980004FF77 /* AppDelegate.swift */ = {isa = PBXFileReference; lastKnownFileType = sourcecode.swift; path = AppDelegate.swift; sourceTree = "<group>"; };
		8EB1EB8D2A8BC7980004FF77 /* SceneDelegate.swift */ = {isa = PBXFileReference; lastKnownFileType = sourcecode.swift; path = SceneDelegate.swift; sourceTree = "<group>"; };
		8EB1EB8F2A8BC7980004FF77 /* ViewController.swift */ = {isa = PBXFileReference; lastKnownFileType = sourcecode.swift; path = ViewController.swift; sourceTree = "<group>"; };
		8EB1EB922A8BC7980004FF77 /* Base */ = {isa = PBXFileReference; lastKnownFileType = file.storyboard; name = Base; path = Base.lproj/Main.storyboard; sourceTree = "<group>"; };
		8EB1EB942A8BC7990004FF77 /* Assets.xcassets */ = {isa = PBXFileReference; lastKnownFileType = folder.assetcatalog; path = Assets.xcassets; sourceTree = "<group>"; };
		8EB1EB972A8BC7990004FF77 /* Base */ = {isa = PBXFileReference; lastKnownFileType = file.storyboard; name = Base; path = Base.lproj/LaunchScreen.storyboard; sourceTree = "<group>"; };
		8EB1EB992A8BC7990004FF77 /* Info.plist */ = {isa = PBXFileReference; lastKnownFileType = text.plist.xml; path = Info.plist; sourceTree = "<group>"; };
		8EB1EB9E2A8BC7990004FF77 /* ListSampleAppTests.xctest */ = {isa = PBXFileReference; explicitFileType = wrapper.cfbundle; includeInIndex = 0; path = ListSampleAppTests.xctest; sourceTree = BUILT_PRODUCTS_DIR; };
		8EB1EBA22A8BC7990004FF77 /* ListSampleAppTests.swift */ = {isa = PBXFileReference; lastKnownFileType = sourcecode.swift; path = ListSampleAppTests.swift; sourceTree = "<group>"; };
		8EB1EBA82A8BC7990004FF77 /* ListSampleAppUITests.xctest */ = {isa = PBXFileReference; explicitFileType = wrapper.cfbundle; includeInIndex = 0; path = ListSampleAppUITests.xctest; sourceTree = BUILT_PRODUCTS_DIR; };
		8EB1EBAC2A8BC7990004FF77 /* ListSampleAppUITests.swift */ = {isa = PBXFileReference; lastKnownFileType = sourcecode.swift; path = ListSampleAppUITests.swift; sourceTree = "<group>"; };
		8EB1EBAE2A8BC7990004FF77 /* ListSampleAppUITestsLaunchTests.swift */ = {isa = PBXFileReference; lastKnownFileType = sourcecode.swift; path = ListSampleAppUITestsLaunchTests.swift; sourceTree = "<group>"; };
/* End PBXFileReference section */

/* Begin PBXFrameworksBuildPhase section */
		8EB1EB852A8BC7980004FF77 /* Frameworks */ = {
			isa = PBXFrameworksBuildPhase;
			buildActionMask = 2147483647;
			files = (
			);
			runOnlyForDeploymentPostprocessing = 0;
		};
		8EB1EB9B2A8BC7990004FF77 /* Frameworks */ = {
			isa = PBXFrameworksBuildPhase;
			buildActionMask = 2147483647;
			files = (
			);
			runOnlyForDeploymentPostprocessing = 0;
		};
		8EB1EBA52A8BC7990004FF77 /* Frameworks */ = {
			isa = PBXFrameworksBuildPhase;
			buildActionMask = 2147483647;
			files = (
			);
			runOnlyForDeploymentPostprocessing = 0;
		};
/* End PBXFrameworksBuildPhase section */

/* Begin PBXGroup section */
		8EB1EB7F2A8BC7980004FF77 = {
			isa = PBXGroup;
			children = (
				8EB1EB8A2A8BC7980004FF77 /* ListSampleApp */,
				8EB1EBA12A8BC7990004FF77 /* ListSampleAppTests */,
				8EB1EBAB2A8BC7990004FF77 /* ListSampleAppUITests */,
				8EB1EB892A8BC7980004FF77 /* Products */,
			);
			sourceTree = "<group>";
		};
		8EB1EB892A8BC7980004FF77 /* Products */ = {
			isa = PBXGroup;
			children = (
				8EB1EB882A8BC7980004FF77 /* ListSampleApp.app */,
				8EB1EB9E2A8BC7990004FF77 /* ListSampleAppTests.xctest */,
				8EB1EBA82A8BC7990004FF77 /* ListSampleAppUITests.xctest */,
			);
			name = Products;
			sourceTree = "<group>";
		};
		8EB1EB8A2A8BC7980004FF77 /* ListSampleApp */ = {
			isa = PBXGroup;
			children = (
				8EB1EB8B2A8BC7980004FF77 /* AppDelegate.swift */,
				8EB1EB8D2A8BC7980004FF77 /* SceneDelegate.swift */,
				8EB1EB8F2A8BC7980004FF77 /* ViewController.swift */,
				8EB1EB912A8BC7980004FF77 /* Main.storyboard */,
				8EB1EB942A8BC7990004FF77 /* Assets.xcassets */,
				8EB1EB962A8BC7990004FF77 /* LaunchScreen.storyboard */,
				8EB1EB992A8BC7990004FF77 /* Info.plist */,
			);
			path = ListSampleApp;
			sourceTree = "<group>";
		};
		8EB1EBA12A8BC7990004FF77 /* ListSampleAppTests */ = {
			isa = PBXGroup;
			children = (
				8EB1EBA22A8BC7990004FF77 /* ListSampleAppTests.swift */,
			);
			path = ListSampleAppTests;
			sourceTree = "<group>";
		};
		8EB1EBAB2A8BC7990004FF77 /* ListSampleAppUITests */ = {
			isa = PBXGroup;
			children = (
				8EB1EBAC2A8BC7990004FF77 /* ListSampleAppUITests.swift */,
				8EB1EBAE2A8BC7990004FF77 /* ListSampleAppUITestsLaunchTests.swift */,
			);
			path = ListSampleAppUITests;
			sourceTree = "<group>";
		};
/* End PBXGroup section */

/* Begin PBXNativeTarget section */
		8EB1EB872A8BC7980004FF77 /* ListSampleApp */ = {
			isa = PBXNativeTarget;
			buildConfigurationList = 8EB1EBB22A8BC7990004FF77 /* Build configuration list for PBXNativeTarget "ListSampleApp" */;
			buildPhases = (
				8EB1EB842A8BC7980004FF77 /* Sources */,
				8EB1EB852A8BC7980004FF77 /* Frameworks */,
				8EB1EB862A8BC7980004FF77 /* Resources */,
			);
			buildRules = (
			);
			dependencies = (
			);
			name = ListSampleApp;
			productName = ListSampleApp;
			productReference = 8EB1EB882A8BC7980004FF77 /* ListSampleApp.app */;
			productType = "com.apple.product-type.application";
		};
		8EB1EB9D2A8BC7990004FF77 /* ListSampleAppTests */ = {
			isa = PBXNativeTarget;
			buildConfigurationList = 8EB1EBB52A8BC7990004FF77 /* Build configuration list for PBXNativeTarget "ListSampleAppTests" */;
			buildPhases = (
				8EB1EB9A2A8BC7990004FF77 /* Sources */,
				8EB1EB9B2A8BC7990004FF77 /* Frameworks */,
				8EB1EB9C2A8BC7990004FF77 /* Resources */,
			);
			buildRules = (
			);
			dependencies = (
				8EB1EBA02A8BC7990004FF77 /* PBXTargetDependency */,
			);
			name = ListSampleAppTests;
			productName = ListSampleAppTests;
			productReference = 8EB1EB9E2A8BC7990004FF77 /* ListSampleAppTests.xctest */;
			productType = "com.apple.product-type.bundle.unit-test";
		};
		8EB1EBA72A8BC7990004FF77 /* ListSampleAppUITests */ = {
			isa = PBXNativeTarget;
			buildConfigurationList = 8EB1EBB82A8BC7990004FF77 /* Build configuration list for PBXNativeTarget "ListSampleAppUITests" */;
			buildPhases = (
				8EB1EBA42A8BC7990004FF77 /* Sources */,
				8EB1EBA52A8BC7990004FF77 /* Frameworks */,
				8EB1EBA62A8BC7990004FF77 /* Resources */,
			);
			buildRules = (
			);
			dependencies = (
				8EB1EBAA2A8BC7990004FF77 /* PBXTargetDependency */,
			);
			name = ListSampleAppUITests;
			productName = ListSampleAppUITests;
			productReference = 8EB1EBA82A8BC7990004FF77 /* ListSampleAppUITests.xctest */;
			productType = "com.apple.product-type.bundle.ui-testing";
		};
/* End PBXNativeTarget section */

/* Begin PBXProject section */
		8EB1EB802A8BC7980004FF77 /* Project object */ = {
			isa = PBXProject;
			attributes = {
				BuildIndependentTargetsInParallel = 1;
				LastSwiftUpdateCheck = 1430;
				LastUpgradeCheck = 1430;
				TargetAttributes = {
					8EB1EB872A8BC7980004FF77 = {
						CreatedOnToolsVersion = 14.3;
					};
					8EB1EB9D2A8BC7990004FF77 = {
						CreatedOnToolsVersion = 14.3;
						TestTargetID = 8EB1EB872A8BC7980004FF77;
					};
					8EB1EBA72A8BC7990004FF77 = {
						CreatedOnToolsVersion = 14.3;
						TestTargetID = 8EB1EB872A8BC7980004FF77;
					};
				};
			};
			buildConfigurationList = 8EB1EB832A8BC7980004FF77 /* Build configuration list for PBXProject "ListSampleApp" */;
			compatibilityVersion = "Xcode 14.0";
			developmentRegion = en;
			hasScannedForEncodings = 0;
			knownRegions = (
				en,
				Base,
			);
			mainGroup = 8EB1EB7F2A8BC7980004FF77;
			productRefGroup = 8EB1EB892A8BC7980004FF77 /* Products */;
			projectDirPath = "";
			projectRoot = "";
			targets = (
				8EB1EB872A8BC7980004FF77 /* ListSampleApp */,
				8EB1EB9D2A8BC7990004FF77 /* ListSampleAppTests */,
				8EB1EBA72A8BC7990004FF77 /* ListSampleAppUITests */,
			);
		};
/* End PBXProject section */

/* Begin PBXResourcesBuildPhase section */
		8EB1EB862A8BC7980004FF77 /* Resources */ = {
			isa = PBXResourcesBuildPhase;
			buildActionMask = 2147483647;
			files = (
				8EB1EB982A8BC7990004FF77 /* LaunchScreen.storyboard in Resources */,
				8EB1EB952A8BC7990004FF77 /* Assets.xcassets in Resources */,
				8EB1EB932A8BC7980004FF77 /* Main.storyboard in Resources */,
			);
			runOnlyForDeploymentPostprocessing = 0;
		};
		8EB1EB9C2A8BC7990004FF77 /* Resources */ = {
			isa = PBXResourcesBuildPhase;
			buildActionMask = 2147483647;
			files = (
			);
			runOnlyForDeploymentPostprocessing = 0;
		};
		8EB1EBA62A8BC7990004FF77 /* Resources */ = {
			isa = PBXResourcesBuildPhase;
			buildActionMask = 2147483647;
			files = (
			);
			runOnlyForDeploymentPostprocessing = 0;
		};
/* End PBXResourcesBuildPhase section */

/* Begin PBXSourcesBuildPhase section */
		8EB1EB842A8BC7980004FF77 /* Sources */ = {
			isa = PBXSourcesBuildPhase;
			buildActionMask = 2147483647;
			files = (
				8EB1EB902A8BC7980004FF77 /* ViewController.swift in Sources */,
				8EB1EB8C2A8BC7980004FF77 /* AppDelegate.swift in Sources */,
				8EB1EB8E2A8BC7980004FF77 /* SceneDelegate.swift in Sources */,
			);
			runOnlyForDeploymentPostprocessing = 0;
		};
		8EB1EB9A2A8BC7990004FF77 /* Sources */ = {
			isa = PBXSourcesBuildPhase;
			buildActionMask = 2147483647;
			files = (
				8EB1EBA32A8BC7990004FF77 /* ListSampleAppTests.swift in Sources */,
			);
			runOnlyForDeploymentPostprocessing = 0;
		};
		8EB1EBA42A8BC7990004FF77 /* Sources */ = {
			isa = PBXSourcesBuildPhase;
			buildActionMask = 2147483647;
			files = (
				8EB1EBAF2A8BC7990004FF77 /* ListSampleAppUITestsLaunchTests.swift in Sources */,
				8EB1EBAD2A8BC7990004FF77 /* ListSampleAppUITests.swift in Sources */,
			);
			runOnlyForDeploymentPostprocessing = 0;
		};
/* End PBXSourcesBuildPhase section */

/* Begin PBXTargetDependency section */
		8EB1EBA02A8BC7990004FF77 /* PBXTargetDependency */ = {
			isa = PBXTargetDependency;
			target = 8EB1EB872A8BC7980004FF77 /* ListSampleApp */;
			targetProxy = 8EB1EB9F2A8BC7990004FF77 /* PBXContainerItemProxy */;
		};
		8EB1EBAA2A8BC7990004FF77 /* PBXTargetDependency */ = {
			isa = PBXTargetDependency;
			target = 8EB1EB872A8BC7980004FF77 /* ListSampleApp */;
			targetProxy = 8EB1EBA92A8BC7990004FF77 /* PBXContainerItemProxy */;
		};
/* End PBXTargetDependency section */

/* Begin PBXVariantGroup section */
		8EB1EB912A8BC7980004FF77 /* Main.storyboard */ = {
			isa = PBXVariantGroup;
			children = (
				8EB1EB922A8BC7980004FF77 /* Base */,
			);
			name = Main.storyboard;
			sourceTree = "<group>";
		};
		8EB1EB962A8BC7990004FF77 /* LaunchScreen.storyboard */ = {
			isa = PBXVariantGroup;
			children = (
				8EB1EB972A8BC7990004FF77 /* Base */,
			);
			name = LaunchScreen.storyboard;
			sourceTree = "<group>";
		};
/* End PBXVariantGroup section */

/* Begin XCBuildConfiguration section */
		8EB1EBB02A8BC7990004FF77 /* Debug */ = {
			isa = XCBuildConfiguration;
			buildSettings = {
				ALWAYS_SEARCH_USER_PATHS = NO;
				CLANG_ANALYZER_NONNULL = YES;
				CLANG_ANALYZER_NUMBER_OBJECT_CONVERSION = YES_AGGRESSIVE;
				CLANG_CXX_LANGUAGE_STANDARD = "gnu++20";
				CLANG_ENABLE_MODULES = YES;
				CLANG_ENABLE_OBJC_ARC = YES;
				CLANG_ENABLE_OBJC_WEAK = YES;
				CLANG_WARN_BLOCK_CAPTURE_AUTORELEASING = YES;
				CLANG_WARN_BOOL_CONVERSION = YES;
				CLANG_WARN_COMMA = YES;
				CLANG_WARN_CONSTANT_CONVERSION = YES;
				CLANG_WARN_DEPRECATED_OBJC_IMPLEMENTATIONS = YES;
				CLANG_WARN_DIRECT_OBJC_ISA_USAGE = YES_ERROR;
				CLANG_WARN_DOCUMENTATION_COMMENTS = YES;
				CLANG_WARN_EMPTY_BODY = YES;
				CLANG_WARN_ENUM_CONVERSION = YES;
				CLANG_WARN_INFINITE_RECURSION = YES;
				CLANG_WARN_INT_CONVERSION = YES;
				CLANG_WARN_NON_LITERAL_NULL_CONVERSION = YES;
				CLANG_WARN_OBJC_IMPLICIT_RETAIN_SELF = YES;
				CLANG_WARN_OBJC_LITERAL_CONVERSION = YES;
				CLANG_WARN_OBJC_ROOT_CLASS = YES_ERROR;
				CLANG_WARN_QUOTED_INCLUDE_IN_FRAMEWORK_HEADER = YES;
				CLANG_WARN_RANGE_LOOP_ANALYSIS = YES;
				CLANG_WARN_STRICT_PROTOTYPES = YES;
				CLANG_WARN_SUSPICIOUS_MOVE = YES;
				CLANG_WARN_UNGUARDED_AVAILABILITY = YES_AGGRESSIVE;
				CLANG_WARN_UNREACHABLE_CODE = YES;
				CLANG_WARN__DUPLICATE_METHOD_MATCH = YES;
				COPY_PHASE_STRIP = NO;
				DEBUG_INFORMATION_FORMAT = dwarf;
				ENABLE_STRICT_OBJC_MSGSEND = YES;
				ENABLE_TESTABILITY = YES;
				GCC_C_LANGUAGE_STANDARD = gnu11;
				GCC_DYNAMIC_NO_PIC = NO;
				GCC_NO_COMMON_BLOCKS = YES;
				GCC_OPTIMIZATION_LEVEL = 0;
				GCC_PREPROCESSOR_DEFINITIONS = (
					"DEBUG=1",
					"$(inherited)",
				);
				GCC_WARN_64_TO_32_BIT_CONVERSION = YES;
				GCC_WARN_ABOUT_RETURN_TYPE = YES_ERROR;
				GCC_WARN_UNDECLARED_SELECTOR = YES;
				GCC_WARN_UNINITIALIZED_AUTOS = YES_AGGRESSIVE;
				GCC_WARN_UNUSED_FUNCTION = YES;
				GCC_WARN_UNUSED_VARIABLE = YES;
				IPHONEOS_DEPLOYMENT_TARGET = 16.4;
				MTL_ENABLE_DEBUG_INFO = INCLUDE_SOURCE;
				MTL_FAST_MATH = YES;
				ONLY_ACTIVE_ARCH = YES;
				SDKROOT = iphoneos;
				SWIFT_ACTIVE_COMPILATION_CONDITIONS = DEBUG;
				SWIFT_OPTIMIZATION_LEVEL = "-Onone";
			};
			name = Debug;
		};
		8EB1EBB12A8BC7990004FF77 /* Release */ = {
			isa = XCBuildConfiguration;
			buildSettings = {
				ALWAYS_SEARCH_USER_PATHS = NO;
				CLANG_ANALYZER_NONNULL = YES;
				CLANG_ANALYZER_NUMBER_OBJECT_CONVERSION = YES_AGGRESSIVE;
				CLANG_CXX_LANGUAGE_STANDARD = "gnu++20";
				CLANG_ENABLE_MODULES = YES;
				CLANG_ENABLE_OBJC_ARC = YES;
				CLANG_ENABLE_OBJC_WEAK = YES;
				CLANG_WARN_BLOCK_CAPTURE_AUTORELEASING = YES;
				CLANG_WARN_BOOL_CONVERSION = YES;
				CLANG_WARN_COMMA = YES;
				CLANG_WARN_CONSTANT_CONVERSION = YES;
				CLANG_WARN_DEPRECATED_OBJC_IMPLEMENTATIONS = YES;
				CLANG_WARN_DIRECT_OBJC_ISA_USAGE = YES_ERROR;
				CLANG_WARN_DOCUMENTATION_COMMENTS = YES;
				CLANG_WARN_EMPTY_BODY = YES;
				CLANG_WARN_ENUM_CONVERSION = YES;
				CLANG_WARN_INFINITE_RECURSION = YES;
				CLANG_WARN_INT_CONVERSION = YES;
				CLANG_WARN_NON_LITERAL_NULL_CONVERSION = YES;
				CLANG_WARN_OBJC_IMPLICIT_RETAIN_SELF = YES;
				CLANG_WARN_OBJC_LITERAL_CONVERSION = YES;
				CLANG_WARN_OBJC_ROOT_CLASS = YES_ERROR;
				CLANG_WARN_QUOTED_INCLUDE_IN_FRAMEWORK_HEADER = YES;
				CLANG_WARN_RANGE_LOOP_ANALYSIS = YES;
				CLANG_WARN_STRICT_PROTOTYPES = YES;
				CLANG_WARN_SUSPICIOUS_MOVE = YES;
				CLANG_WARN_UNGUARDED_AVAILABILITY = YES_AGGRESSIVE;
				CLANG_WARN_UNREACHABLE_CODE = YES;
				CLANG_WARN__DUPLICATE_METHOD_MATCH = YES;
				COPY_PHASE_STRIP = NO;
				DEBUG_INFORMATION_FORMAT = "dwarf-with-dsym";
				ENABLE_NS_ASSERTIONS = NO;
				ENABLE_STRICT_OBJC_MSGSEND = YES;
				GCC_C_LANGUAGE_STANDARD = gnu11;
				GCC_NO_COMMON_BLOCKS = YES;
				GCC_WARN_64_TO_32_BIT_CONVERSION = YES;
				GCC_WARN_ABOUT_RETURN_TYPE = YES_ERROR;
				GCC_WARN_UNDECLARED_SELECTOR = YES;
				GCC_WARN_UNINITIALIZED_AUTOS = YES_AGGRESSIVE;
				GCC_WARN_UNUSED_FUNCTION = YES;
				GCC_WARN_UNUSED_VARIABLE = YES;
				IPHONEOS_DEPLOYMENT_TARGET = 16.4;
				MTL_ENABLE_DEBUG_INFO = NO;
				MTL_FAST_MATH = YES;
				SDKROOT = iphoneos;
				SWIFT_COMPILATION_MODE = wholemodule;
				SWIFT_OPTIMIZATION_LEVEL = "-O";
				VALIDATE_PRODUCT = YES;
			};
			name = Release;
		};
		8EB1EBB32A8BC7990004FF77 /* Debug */ = {
			isa = XCBuildConfiguration;
			buildSettings = {
				ASSETCATALOG_COMPILER_APPICON_NAME = AppIcon;
				ASSETCATALOG_COMPILER_GLOBAL_ACCENT_COLOR_NAME = AccentColor;
				CODE_SIGN_STYLE = Automatic;
				CURRENT_PROJECT_VERSION = 1;
				GENERATE_INFOPLIST_FILE = YES;
				INFOPLIST_FILE = ListSampleApp/Info.plist;
				INFOPLIST_KEY_UIApplicationSupportsIndirectInputEvents = YES;
				INFOPLIST_KEY_UILaunchStoryboardName = LaunchScreen;
				INFOPLIST_KEY_UIMainStoryboardFile = Main;
				INFOPLIST_KEY_UISupportedInterfaceOrientations_iPad = "UIInterfaceOrientationPortrait UIInterfaceOrientationPortraitUpsideDown UIInterfaceOrientationLandscapeLeft UIInterfaceOrientationLandscapeRight";
				INFOPLIST_KEY_UISupportedInterfaceOrientations_iPhone = "UIInterfaceOrientationPortrait UIInterfaceOrientationLandscapeLeft UIInterfaceOrientationLandscapeRight";
				LD_RUNPATH_SEARCH_PATHS = (
					"$(inherited)",
					"@executable_path/Frameworks",
				);
				MARKETING_VERSION = 1.0;
				PRODUCT_BUNDLE_IDENTIFIER = teat.ListSampleApp;
				PRODUCT_NAME = "$(TARGET_NAME)";
				SWIFT_EMIT_LOC_STRINGS = YES;
				SWIFT_VERSION = 5.0;
				TARGETED_DEVICE_FAMILY = "1,2";
			};
			name = Debug;
		};
		8EB1EBB42A8BC7990004FF77 /* Release */ = {
			isa = XCBuildConfiguration;
			buildSettings = {
				ASSETCATALOG_COMPILER_APPICON_NAME = AppIcon;
				ASSETCATALOG_COMPILER_GLOBAL_ACCENT_COLOR_NAME = AccentColor;
				CODE_SIGN_STYLE = Automatic;
				CURRENT_PROJECT_VERSION = 1;
				GENERATE_INFOPLIST_FILE = YES;
				INFOPLIST_FILE = ListSampleApp/Info.plist;
				INFOPLIST_KEY_UIApplicationSupportsIndirectInputEvents = YES;
				INFOPLIST_KEY_UILaunchStoryboardName = LaunchScreen;
				INFOPLIST_KEY_UIMainStoryboardFile = Main;
				INFOPLIST_KEY_UISupportedInterfaceOrientations_iPad = "UIInterfaceOrientationPortrait UIInterfaceOrientationPortraitUpsideDown UIInterfaceOrientationLandscapeLeft UIInterfaceOrientationLandscapeRight";
				INFOPLIST_KEY_UISupportedInterfaceOrientations_iPhone = "UIInterfaceOrientationPortrait UIInterfaceOrientationLandscapeLeft UIInterfaceOrientationLandscapeRight";
				LD_RUNPATH_SEARCH_PATHS = (
					"$(inherited)",
					"@executable_path/Frameworks",
				);
				MARKETING_VERSION = 1.0;
				PRODUCT_BUNDLE_IDENTIFIER = teat.ListSampleApp;
				PRODUCT_NAME = "$(TARGET_NAME)";
				SWIFT_EMIT_LOC_STRINGS = YES;
				SWIFT_VERSION = 5.0;
				TARGETED_DEVICE_FAMILY = "1,2";
			};
			name = Release;
		};
		8EB1EBB62A8BC7990004FF77 /* Debug */ = {
			isa = XCBuildConfiguration;
			buildSettings = {
				ALWAYS_EMBED_SWIFT_STANDARD_LIBRARIES = YES;
				BUNDLE_LOADER = "$(TEST_HOST)";
				CODE_SIGN_STYLE = Automatic;
				CURRENT_PROJECT_VERSION = 1;
				GENERATE_INFOPLIST_FILE = YES;
				IPHONEOS_DEPLOYMENT_TARGET = 16.4;
				MARKETING_VERSION = 1.0;
				PRODUCT_BUNDLE_IDENTIFIER = teat.ListSampleAppTests;
				PRODUCT_NAME = "$(TARGET_NAME)";
				SWIFT_EMIT_LOC_STRINGS = NO;
				SWIFT_VERSION = 5.0;
				TARGETED_DEVICE_FAMILY = "1,2";
				TEST_HOST = "$(BUILT_PRODUCTS_DIR)/ListSampleApp.app/$(BUNDLE_EXECUTABLE_FOLDER_PATH)/ListSampleApp";
			};
			name = Debug;
		};
		8EB1EBB72A8BC7990004FF77 /* Release */ = {
			isa = XCBuildConfiguration;
			buildSettings = {
				ALWAYS_EMBED_SWIFT_STANDARD_LIBRARIES = YES;
				BUNDLE_LOADER = "$(TEST_HOST)";
				CODE_SIGN_STYLE = Automatic;
				CURRENT_PROJECT_VERSION = 1;
				GENERATE_INFOPLIST_FILE = YES;
				IPHONEOS_DEPLOYMENT_TARGET = 16.4;
				MARKETING_VERSION = 1.0;
				PRODUCT_BUNDLE_IDENTIFIER = teat.ListSampleAppTests;
				PRODUCT_NAME = "$(TARGET_NAME)";
				SWIFT_EMIT_LOC_STRINGS = NO;
				SWIFT_VERSION = 5.0;
				TARGETED_DEVICE_FAMILY = "1,2";
				TEST_HOST = "$(BUILT_PRODUCTS_DIR)/ListSampleApp.app/$(BUNDLE_EXECUTABLE_FOLDER_PATH)/ListSampleApp";
			};
			name = Release;
		};
		8EB1EBB92A8BC7990004FF77 /* Debug */ = {
			isa = XCBuildConfiguration;
			buildSettings = {
				ALWAYS_EMBED_SWIFT_STANDARD_LIBRARIES = YES;
				CODE_SIGN_STYLE = Automatic;
				CURRENT_PROJECT_VERSION = 1;
				GENERATE_INFOPLIST_FILE = YES;
				MARKETING_VERSION = 1.0;
				PRODUCT_BUNDLE_IDENTIFIER = teat.ListSampleAppUITests;
				PRODUCT_NAME = "$(TARGET_NAME)";
				SWIFT_EMIT_LOC_STRINGS = NO;
				SWIFT_VERSION = 5.0;
				TARGETED_DEVICE_FAMILY = "1,2";
				TEST_TARGET_NAME = ListSampleApp;
			};
			name = Debug;
		};
		8EB1EBBA2A8BC7990004FF77 /* Release */ = {
			isa = XCBuildConfiguration;
			buildSettings = {
				ALWAYS_EMBED_SWIFT_STANDARD_LIBRARIES = YES;
				CODE_SIGN_STYLE = Automatic;
				CURRENT_PROJECT_VERSION = 1;
				GENERATE_INFOPLIST_FILE = YES;
				MARKETING_VERSION = 1.0;
				PRODUCT_BUNDLE_IDENTIFIER = teat.ListSampleAppUITests;
				PRODUCT_NAME = "$(TARGET_NAME)";
				SWIFT_EMIT_LOC_STRINGS = NO;
				SWIFT_VERSION = 5.0;
				TARGETED_DEVICE_FAMILY = "1,2";
				TEST_TARGET_NAME = ListSampleApp;
			};
			name = Release;
		};
/* End XCBuildConfiguration section */

/* Begin XCConfigurationList section */
		8EB1EB832A8BC7980004FF77 /* Build configuration list for PBXProject "ListSampleApp" */ = {
			isa = XCConfigurationList;
			buildConfigurations = (
				8EB1EBB02A8BC7990004FF77 /* Debug */,
				8EB1EBB12A8BC7990004FF77 /* Release */,
			);
			defaultConfigurationIsVisible = 0;
			defaultConfigurationName = Release;
		};
		8EB1EBB22A8BC7990004FF77 /* Build configuration list for PBXNativeTarget "ListSampleApp" */ = {
			isa = XCConfigurationList;
			buildConfigurations = (
				8EB1EBB32A8BC7990004FF77 /* Debug */,
				8EB1EBB42A8BC7990004FF77 /* Release */,
			);
			defaultConfigurationIsVisible = 0;
			defaultConfigurationName = Release;
		};
		8EB1EBB52A8BC7990004FF77 /* Build configuration list for PBXNativeTarget "ListSampleAppTests" */ = {
			isa = XCConfigurationList;
			buildConfigurations = (
				8EB1EBB62A8BC7990004FF77 /* Debug */,
				8EB1EBB72A8BC7990004FF77 /* Release */,
			);
			defaultConfigurationIsVisible = 0;
			defaultConfigurationName = Release;
		};
		8EB1EBB82A8BC7990004FF77 /* Build configuration list for PBXNativeTarget "ListSampleAppUITests" */ = {
			isa = XCConfigurationList;
			buildConfigurations = (
				8EB1EBB92A8BC7990004FF77 /* Debug */,
				8EB1EBBA2A8BC7990004FF77 /* Release */,
			);
			defaultConfigurationIsVisible = 0;
			defaultConfigurationName = Release;
		};
/* End XCConfigurationList section */
	};
	rootObject = 8EB1EB802A8BC7980004FF77 /* Project object */;
}
